
Microsoft Visual Studio Solution File, Format Version 12.00
# Visual Studio Version 17
VisualStudioVersion = 17.10.35027.167
MinimumVisualStudioVersion = 10.0.40219.1
Project("{9A19103F-16F7-4668-BE54-9A1E7A4F7556}") = "MinefieldExperiments", "MinefieldExperiments\MinefieldExperiments.csproj", "{197EF0C9-AEE6-480F-9267-88EC9E5B5226}"
EndProject
Project("{FAE04EC0-301F-11D3-BF4B-00C04F79EFBC}") = "MinefieldExperimentsTests", "MinefieldExperimentsTests\MinefieldExperimentsTests.csproj", "{C53111CE-4DE2-403E-BF98-8BF508249EAE}"
EndProject
Global
	GlobalSection(SolutionConfigurationPlatforms) = preSolution
		Debug|Any CPU = Debug|Any CPU
		Release|Any CPU = Release|Any CPU
	EndGlobalSection
	GlobalSection(ProjectConfigurationPlatforms) = postSolution
		{197EF0C9-AEE6-480F-9267-88EC9E5B5226}.Debug|Any CPU.ActiveCfg = Debug|Any CPU
		{197EF0C9-AEE6-480F-9267-88EC9E5B5226}.Debug|Any CPU.Build.0 = Debug|Any CPU
		{197EF0C9-AEE6-480F-9267-88EC9E5B5226}.Release|Any CPU.ActiveCfg = Release|Any CPU
		{197EF0C9-AEE6-480F-9267-88EC9E5B5226}.Release|Any CPU.Build.0 = Release|Any CPU
		{C53111CE-4DE2-403E-BF98-8BF508249EAE}.Debug|Any CPU.ActiveCfg = Debug|Any CPU
		{C53111CE-4DE2-403E-BF98-8BF508249EAE}.Debug|Any CPU.Build.0 = Debug|Any CPU
		{C53111CE-4DE2-403E-BF98-8BF508249EAE}.Release|Any CPU.ActiveCfg = Release|Any CPU
		{C53111CE-4DE2-403E-BF98-8BF508249EAE}.Release|Any CPU.Build.0 = Release|Any CPU
	EndGlobalSection
	GlobalSection(SolutionProperties) = preSolution
		HideSolutionNode = FALSE
	EndGlobalSection
	GlobalSection(ExtensibilityGlobals) = postSolution
		SolutionGuid = {93C0EBE4-F5C4-4B6C-8F15-A08459BE7E3B}
	EndGlobalSection
EndGlobal
